// !$*UTF8*$!
{
	archiveVersion = 1;
	classes = {
	};
	objectVersion = 46;
	objects = {

/* Begin PBXBuildFile section */
		6808623D1D1D0CCF00E5FB2B /* DHTechnicalViewController.swift in Sources */ = {isa = PBXBuildFile; fileRef = 6808623C1D1D0CCF00E5FB2B /* DHTechnicalViewController.swift */; };
		6808623F1D1D0CDE00E5FB2B /* DHSupervisorViewController.swift in Sources */ = {isa = PBXBuildFile; fileRef = 6808623E1D1D0CDE00E5FB2B /* DHSupervisorViewController.swift */; };
		6817F24B1D20B25E00F1BD98 /* MagicalImportFunctions.m in Sources */ = {isa = PBXBuildFile; fileRef = 6817F20F1D20B25E00F1BD98 /* MagicalImportFunctions.m */; };
		6817F24C1D20B25E00F1BD98 /* NSAttributeDescription+MagicalDataImport.m in Sources */ = {isa = PBXBuildFile; fileRef = 6817F2111D20B25E00F1BD98 /* NSAttributeDescription+MagicalDataImport.m */; };
		6817F24D1D20B25E00F1BD98 /* NSEntityDescription+MagicalDataImport.m in Sources */ = {isa = PBXBuildFile; fileRef = 6817F2131D20B25E00F1BD98 /* NSEntityDescription+MagicalDataImport.m */; };
		6817F24E1D20B25E00F1BD98 /* NSNumber+MagicalDataImport.m in Sources */ = {isa = PBXBuildFile; fileRef = 6817F2151D20B25E00F1BD98 /* NSNumber+MagicalDataImport.m */; };
		6817F24F1D20B25E00F1BD98 /* NSObject+MagicalDataImport.m in Sources */ = {isa = PBXBuildFile; fileRef = 6817F2171D20B25E00F1BD98 /* NSObject+MagicalDataImport.m */; };
		6817F2501D20B25E00F1BD98 /* NSRelationshipDescription+MagicalDataImport.m in Sources */ = {isa = PBXBuildFile; fileRef = 6817F2191D20B25E00F1BD98 /* NSRelationshipDescription+MagicalDataImport.m */; };
		6817F2511D20B25E00F1BD98 /* NSString+MagicalDataImport.m in Sources */ = {isa = PBXBuildFile; fileRef = 6817F21B1D20B25E00F1BD98 /* NSString+MagicalDataImport.m */; };
		6817F2521D20B25E00F1BD98 /* NSManagedObject+MagicalAggregation.m in Sources */ = {isa = PBXBuildFile; fileRef = 6817F21E1D20B25E00F1BD98 /* NSManagedObject+MagicalAggregation.m */; };
		6817F2531D20B25E00F1BD98 /* NSManagedObject+MagicalDataImport.m in Sources */ = {isa = PBXBuildFile; fileRef = 6817F2201D20B25E00F1BD98 /* NSManagedObject+MagicalDataImport.m */; };
		6817F2541D20B25E00F1BD98 /* NSManagedObject+MagicalFinders.m in Sources */ = {isa = PBXBuildFile; fileRef = 6817F2221D20B25E00F1BD98 /* NSManagedObject+MagicalFinders.m */; };
		6817F2551D20B25E00F1BD98 /* NSManagedObject+MagicalRecord.m in Sources */ = {isa = PBXBuildFile; fileRef = 6817F2241D20B25E00F1BD98 /* NSManagedObject+MagicalRecord.m */; };
		6817F2561D20B25E00F1BD98 /* NSManagedObject+MagicalRequests.m in Sources */ = {isa = PBXBuildFile; fileRef = 6817F2261D20B25E00F1BD98 /* NSManagedObject+MagicalRequests.m */; };
		6817F2571D20B25E00F1BD98 /* NSManagedObjectContext+MagicalChainSave.m in Sources */ = {isa = PBXBuildFile; fileRef = 6817F2291D20B25E00F1BD98 /* NSManagedObjectContext+MagicalChainSave.m */; };
		6817F2581D20B25E00F1BD98 /* NSManagedObjectContext+MagicalObserving.m in Sources */ = {isa = PBXBuildFile; fileRef = 6817F22B1D20B25E00F1BD98 /* NSManagedObjectContext+MagicalObserving.m */; };
		6817F2591D20B25E00F1BD98 /* NSManagedObjectContext+MagicalRecord.m in Sources */ = {isa = PBXBuildFile; fileRef = 6817F22D1D20B25E00F1BD98 /* NSManagedObjectContext+MagicalRecord.m */; };
		6817F25A1D20B25E00F1BD98 /* NSManagedObjectContext+MagicalSaves.m in Sources */ = {isa = PBXBuildFile; fileRef = 6817F22F1D20B25E00F1BD98 /* NSManagedObjectContext+MagicalSaves.m */; };
		6817F25B1D20B25E00F1BD98 /* NSManagedObjectContext+MagicalThreading.m in Sources */ = {isa = PBXBuildFile; fileRef = 6817F2311D20B25E00F1BD98 /* NSManagedObjectContext+MagicalThreading.m */; };
		6817F25C1D20B25E00F1BD98 /* NSManagedObjectModel+MagicalRecord.m in Sources */ = {isa = PBXBuildFile; fileRef = 6817F2331D20B25E00F1BD98 /* NSManagedObjectModel+MagicalRecord.m */; };
		6817F25D1D20B25E00F1BD98 /* NSPersistentStore+MagicalRecord.m in Sources */ = {isa = PBXBuildFile; fileRef = 6817F2351D20B25E00F1BD98 /* NSPersistentStore+MagicalRecord.m */; };
		6817F25E1D20B25E00F1BD98 /* NSPersistentStoreCoordinator+MagicalRecord.m in Sources */ = {isa = PBXBuildFile; fileRef = 6817F2371D20B25E00F1BD98 /* NSPersistentStoreCoordinator+MagicalRecord.m */; };
		6817F25F1D20B25E00F1BD98 /* MagicalRecord+Actions.m in Sources */ = {isa = PBXBuildFile; fileRef = 6817F23A1D20B25E00F1BD98 /* MagicalRecord+Actions.m */; };
		6817F2601D20B25E00F1BD98 /* MagicalRecord+ErrorHandling.m in Sources */ = {isa = PBXBuildFile; fileRef = 6817F23C1D20B25E00F1BD98 /* MagicalRecord+ErrorHandling.m */; };
		6817F2611D20B25E00F1BD98 /* MagicalRecord+iCloud.m in Sources */ = {isa = PBXBuildFile; fileRef = 6817F23E1D20B25E00F1BD98 /* MagicalRecord+iCloud.m */; };
		6817F2621D20B25E00F1BD98 /* MagicalRecord+Options.m in Sources */ = {isa = PBXBuildFile; fileRef = 6817F2401D20B25E00F1BD98 /* MagicalRecord+Options.m */; };
		6817F2631D20B25E00F1BD98 /* MagicalRecord+Setup.m in Sources */ = {isa = PBXBuildFile; fileRef = 6817F2421D20B25E00F1BD98 /* MagicalRecord+Setup.m */; };
		6817F2641D20B25E00F1BD98 /* MagicalRecord+ShorthandSupport.m in Sources */ = {isa = PBXBuildFile; fileRef = 6817F2441D20B25E00F1BD98 /* MagicalRecord+ShorthandSupport.m */; };
		6817F2651D20B25E00F1BD98 /* MagicalRecord.m in Sources */ = {isa = PBXBuildFile; fileRef = 6817F2461D20B25E00F1BD98 /* MagicalRecord.m */; };
		68A97C581D1BACD600554913 /* DHRoom.m in Sources */ = {isa = PBXBuildFile; fileRef = 68A97C571D1BACD600554913 /* DHRoom.m */; };
		68A97C5B1D1BACE200554913 /* DHLocalRoom.m in Sources */ = {isa = PBXBuildFile; fileRef = 68A97C5A1D1BACE200554913 /* DHLocalRoom.m */; };
		68A97C5E1D1BACEE00554913 /* DHRemoteRoom.m in Sources */ = {isa = PBXBuildFile; fileRef = 68A97C5D1D1BACEE00554913 /* DHRemoteRoom.m */; };
		68B653171D1B7214005166B6 /* DHSocketServer.m in Sources */ = {isa = PBXBuildFile; fileRef = 68B653161D1B7214005166B6 /* DHSocketServer.m */; };
		68B6531A1D1B722A005166B6 /* DHSocketServerBrowser.m in Sources */ = {isa = PBXBuildFile; fileRef = 68B653191D1B722A005166B6 /* DHSocketServerBrowser.m */; };
		68B6531D1D1B723D005166B6 /* DHSocketConnection.m in Sources */ = {isa = PBXBuildFile; fileRef = 68B6531C1D1B723D005166B6 /* DHSocketConnection.m */; };
		8C6479171D12723800DDA18D /* AppDelegate.swift in Sources */ = {isa = PBXBuildFile; fileRef = 8C6479161D12723800DDA18D /* AppDelegate.swift */; };
		8C6479191D12723800DDA18D /* ViewController.swift in Sources */ = {isa = PBXBuildFile; fileRef = 8C6479181D12723800DDA18D /* ViewController.swift */; };
		8C64791C1D12723800DDA18D /* Main.storyboard in Resources */ = {isa = PBXBuildFile; fileRef = 8C64791A1D12723800DDA18D /* Main.storyboard */; };
		8C64791F1D12723800DDA18D /* DHInterviewer.xcdatamodeld in Sources */ = {isa = PBXBuildFile; fileRef = 8C64791D1D12723800DDA18D /* DHInterviewer.xcdatamodeld */; };
		8C6479211D12723800DDA18D /* Assets.xcassets in Resources */ = {isa = PBXBuildFile; fileRef = 8C6479201D12723800DDA18D /* Assets.xcassets */; };
		8C6479241D12723800DDA18D /* LaunchScreen.storyboard in Resources */ = {isa = PBXBuildFile; fileRef = 8C6479221D12723800DDA18D /* LaunchScreen.storyboard */; };
/* End PBXBuildFile section */

/* Begin PBXFileReference section */
		680862381D1D07EE00E5FB2B /* DHSocket.h */ = {isa = PBXFileReference; fileEncoding = 4; lastKnownFileType = sourcecode.c.h; path = DHSocket.h; sourceTree = "<group>"; };
		6808623C1D1D0CCF00E5FB2B /* DHTechnicalViewController.swift */ = {isa = PBXFileReference; fileEncoding = 4; lastKnownFileType = sourcecode.swift; path = DHTechnicalViewController.swift; sourceTree = "<group>"; };
		6808623E1D1D0CDE00E5FB2B /* DHSupervisorViewController.swift */ = {isa = PBXFileReference; fileEncoding = 4; lastKnownFileType = sourcecode.swift; path = DHSupervisorViewController.swift; sourceTree = "<group>"; };
		6817F20E1D20B25E00F1BD98 /* MagicalImportFunctions.h */ = {isa = PBXFileReference; fileEncoding = 4; lastKnownFileType = sourcecode.c.h; path = MagicalImportFunctions.h; sourceTree = "<group>"; };
		6817F20F1D20B25E00F1BD98 /* MagicalImportFunctions.m */ = {isa = PBXFileReference; fileEncoding = 4; lastKnownFileType = sourcecode.c.objc; path = MagicalImportFunctions.m; sourceTree = "<group>"; };
		6817F2101D20B25E00F1BD98 /* NSAttributeDescription+MagicalDataImport.h */ = {isa = PBXFileReference; fileEncoding = 4; lastKnownFileType = sourcecode.c.h; path = "NSAttributeDescription+MagicalDataImport.h"; sourceTree = "<group>"; };
		6817F2111D20B25E00F1BD98 /* NSAttributeDescription+MagicalDataImport.m */ = {isa = PBXFileReference; fileEncoding = 4; lastKnownFileType = sourcecode.c.objc; path = "NSAttributeDescription+MagicalDataImport.m"; sourceTree = "<group>"; };
		6817F2121D20B25E00F1BD98 /* NSEntityDescription+MagicalDataImport.h */ = {isa = PBXFileReference; fileEncoding = 4; lastKnownFileType = sourcecode.c.h; path = "NSEntityDescription+MagicalDataImport.h"; sourceTree = "<group>"; };
		6817F2131D20B25E00F1BD98 /* NSEntityDescription+MagicalDataImport.m */ = {isa = PBXFileReference; fileEncoding = 4; lastKnownFileType = sourcecode.c.objc; path = "NSEntityDescription+MagicalDataImport.m"; sourceTree = "<group>"; };
		6817F2141D20B25E00F1BD98 /* NSNumber+MagicalDataImport.h */ = {isa = PBXFileReference; fileEncoding = 4; lastKnownFileType = sourcecode.c.h; path = "NSNumber+MagicalDataImport.h"; sourceTree = "<group>"; };
		6817F2151D20B25E00F1BD98 /* NSNumber+MagicalDataImport.m */ = {isa = PBXFileReference; fileEncoding = 4; lastKnownFileType = sourcecode.c.objc; path = "NSNumber+MagicalDataImport.m"; sourceTree = "<group>"; };
		6817F2161D20B25E00F1BD98 /* NSObject+MagicalDataImport.h */ = {isa = PBXFileReference; fileEncoding = 4; lastKnownFileType = sourcecode.c.h; path = "NSObject+MagicalDataImport.h"; sourceTree = "<group>"; };
		6817F2171D20B25E00F1BD98 /* NSObject+MagicalDataImport.m */ = {isa = PBXFileReference; fileEncoding = 4; lastKnownFileType = sourcecode.c.objc; path = "NSObject+MagicalDataImport.m"; sourceTree = "<group>"; };
		6817F2181D20B25E00F1BD98 /* NSRelationshipDescription+MagicalDataImport.h */ = {isa = PBXFileReference; fileEncoding = 4; lastKnownFileType = sourcecode.c.h; path = "NSRelationshipDescription+MagicalDataImport.h"; sourceTree = "<group>"; };
		6817F2191D20B25E00F1BD98 /* NSRelationshipDescription+MagicalDataImport.m */ = {isa = PBXFileReference; fileEncoding = 4; lastKnownFileType = sourcecode.c.objc; path = "NSRelationshipDescription+MagicalDataImport.m"; sourceTree = "<group>"; };
		6817F21A1D20B25E00F1BD98 /* NSString+MagicalDataImport.h */ = {isa = PBXFileReference; fileEncoding = 4; lastKnownFileType = sourcecode.c.h; path = "NSString+MagicalDataImport.h"; sourceTree = "<group>"; };
		6817F21B1D20B25E00F1BD98 /* NSString+MagicalDataImport.m */ = {isa = PBXFileReference; fileEncoding = 4; lastKnownFileType = sourcecode.c.objc; path = "NSString+MagicalDataImport.m"; sourceTree = "<group>"; };
		6817F21D1D20B25E00F1BD98 /* NSManagedObject+MagicalAggregation.h */ = {isa = PBXFileReference; fileEncoding = 4; lastKnownFileType = sourcecode.c.h; path = "NSManagedObject+MagicalAggregation.h"; sourceTree = "<group>"; };
		6817F21E1D20B25E00F1BD98 /* NSManagedObject+MagicalAggregation.m */ = {isa = PBXFileReference; fileEncoding = 4; lastKnownFileType = sourcecode.c.objc; path = "NSManagedObject+MagicalAggregation.m"; sourceTree = "<group>"; };
		6817F21F1D20B25E00F1BD98 /* NSManagedObject+MagicalDataImport.h */ = {isa = PBXFileReference; fileEncoding = 4; lastKnownFileType = sourcecode.c.h; path = "NSManagedObject+MagicalDataImport.h"; sourceTree = "<group>"; };
		6817F2201D20B25E00F1BD98 /* NSManagedObject+MagicalDataImport.m */ = {isa = PBXFileReference; fileEncoding = 4; lastKnownFileType = sourcecode.c.objc; path = "NSManagedObject+MagicalDataImport.m"; sourceTree = "<group>"; };
		6817F2211D20B25E00F1BD98 /* NSManagedObject+MagicalFinders.h */ = {isa = PBXFileReference; fileEncoding = 4; lastKnownFileType = sourcecode.c.h; path = "NSManagedObject+MagicalFinders.h"; sourceTree = "<group>"; };
		6817F2221D20B25E00F1BD98 /* NSManagedObject+MagicalFinders.m */ = {isa = PBXFileReference; fileEncoding = 4; lastKnownFileType = sourcecode.c.objc; path = "NSManagedObject+MagicalFinders.m"; sourceTree = "<group>"; };
		6817F2231D20B25E00F1BD98 /* NSManagedObject+MagicalRecord.h */ = {isa = PBXFileReference; fileEncoding = 4; lastKnownFileType = sourcecode.c.h; path = "NSManagedObject+MagicalRecord.h"; sourceTree = "<group>"; };
		6817F2241D20B25E00F1BD98 /* NSManagedObject+MagicalRecord.m */ = {isa = PBXFileReference; fileEncoding = 4; lastKnownFileType = sourcecode.c.objc; path = "NSManagedObject+MagicalRecord.m"; sourceTree = "<group>"; };
		6817F2251D20B25E00F1BD98 /* NSManagedObject+MagicalRequests.h */ = {isa = PBXFileReference; fileEncoding = 4; lastKnownFileType = sourcecode.c.h; path = "NSManagedObject+MagicalRequests.h"; sourceTree = "<group>"; };
		6817F2261D20B25E00F1BD98 /* NSManagedObject+MagicalRequests.m */ = {isa = PBXFileReference; fileEncoding = 4; lastKnownFileType = sourcecode.c.objc; path = "NSManagedObject+MagicalRequests.m"; sourceTree = "<group>"; };
		6817F2281D20B25E00F1BD98 /* NSManagedObjectContext+MagicalChainSave.h */ = {isa = PBXFileReference; fileEncoding = 4; lastKnownFileType = sourcecode.c.h; path = "NSManagedObjectContext+MagicalChainSave.h"; sourceTree = "<group>"; };
		6817F2291D20B25E00F1BD98 /* NSManagedObjectContext+MagicalChainSave.m */ = {isa = PBXFileReference; fileEncoding = 4; lastKnownFileType = sourcecode.c.objc; path = "NSManagedObjectContext+MagicalChainSave.m"; sourceTree = "<group>"; };
		6817F22A1D20B25E00F1BD98 /* NSManagedObjectContext+MagicalObserving.h */ = {isa = PBXFileReference; fileEncoding = 4; lastKnownFileType = sourcecode.c.h; path = "NSManagedObjectContext+MagicalObserving.h"; sourceTree = "<group>"; };
		6817F22B1D20B25E00F1BD98 /* NSManagedObjectContext+MagicalObserving.m */ = {isa = PBXFileReference; fileEncoding = 4; lastKnownFileType = sourcecode.c.objc; path = "NSManagedObjectContext+MagicalObserving.m"; sourceTree = "<group>"; };
		6817F22C1D20B25E00F1BD98 /* NSManagedObjectContext+MagicalRecord.h */ = {isa = PBXFileReference; fileEncoding = 4; lastKnownFileType = sourcecode.c.h; path = "NSManagedObjectContext+MagicalRecord.h"; sourceTree = "<group>"; };
		6817F22D1D20B25E00F1BD98 /* NSManagedObjectContext+MagicalRecord.m */ = {isa = PBXFileReference; fileEncoding = 4; lastKnownFileType = sourcecode.c.objc; path = "NSManagedObjectContext+MagicalRecord.m"; sourceTree = "<group>"; };
		6817F22E1D20B25E00F1BD98 /* NSManagedObjectContext+MagicalSaves.h */ = {isa = PBXFileReference; fileEncoding = 4; lastKnownFileType = sourcecode.c.h; path = "NSManagedObjectContext+MagicalSaves.h"; sourceTree = "<group>"; };
		6817F22F1D20B25E00F1BD98 /* NSManagedObjectContext+MagicalSaves.m */ = {isa = PBXFileReference; fileEncoding = 4; lastKnownFileType = sourcecode.c.objc; path = "NSManagedObjectContext+MagicalSaves.m"; sourceTree = "<group>"; };
		6817F2301D20B25E00F1BD98 /* NSManagedObjectContext+MagicalThreading.h */ = {isa = PBXFileReference; fileEncoding = 4; lastKnownFileType = sourcecode.c.h; path = "NSManagedObjectContext+MagicalThreading.h"; sourceTree = "<group>"; };
		6817F2311D20B25E00F1BD98 /* NSManagedObjectContext+MagicalThreading.m */ = {isa = PBXFileReference; fileEncoding = 4; lastKnownFileType = sourcecode.c.objc; path = "NSManagedObjectContext+MagicalThreading.m"; sourceTree = "<group>"; };
		6817F2321D20B25E00F1BD98 /* NSManagedObjectModel+MagicalRecord.h */ = {isa = PBXFileReference; fileEncoding = 4; lastKnownFileType = sourcecode.c.h; path = "NSManagedObjectModel+MagicalRecord.h"; sourceTree = "<group>"; };
		6817F2331D20B25E00F1BD98 /* NSManagedObjectModel+MagicalRecord.m */ = {isa = PBXFileReference; fileEncoding = 4; lastKnownFileType = sourcecode.c.objc; path = "NSManagedObjectModel+MagicalRecord.m"; sourceTree = "<group>"; };
		6817F2341D20B25E00F1BD98 /* NSPersistentStore+MagicalRecord.h */ = {isa = PBXFileReference; fileEncoding = 4; lastKnownFileType = sourcecode.c.h; path = "NSPersistentStore+MagicalRecord.h"; sourceTree = "<group>"; };
		6817F2351D20B25E00F1BD98 /* NSPersistentStore+MagicalRecord.m */ = {isa = PBXFileReference; fileEncoding = 4; lastKnownFileType = sourcecode.c.objc; path = "NSPersistentStore+MagicalRecord.m"; sourceTree = "<group>"; };
		6817F2361D20B25E00F1BD98 /* NSPersistentStoreCoordinator+MagicalRecord.h */ = {isa = PBXFileReference; fileEncoding = 4; lastKnownFileType = sourcecode.c.h; path = "NSPersistentStoreCoordinator+MagicalRecord.h"; sourceTree = "<group>"; };
		6817F2371D20B25E00F1BD98 /* NSPersistentStoreCoordinator+MagicalRecord.m */ = {isa = PBXFileReference; fileEncoding = 4; lastKnownFileType = sourcecode.c.objc; path = "NSPersistentStoreCoordinator+MagicalRecord.m"; sourceTree = "<group>"; };
		6817F2391D20B25E00F1BD98 /* MagicalRecord+Actions.h */ = {isa = PBXFileReference; fileEncoding = 4; lastKnownFileType = sourcecode.c.h; path = "MagicalRecord+Actions.h"; sourceTree = "<group>"; };
		6817F23A1D20B25E00F1BD98 /* MagicalRecord+Actions.m */ = {isa = PBXFileReference; fileEncoding = 4; lastKnownFileType = sourcecode.c.objc; path = "MagicalRecord+Actions.m"; sourceTree = "<group>"; };
		6817F23B1D20B25E00F1BD98 /* MagicalRecord+ErrorHandling.h */ = {isa = PBXFileReference; fileEncoding = 4; lastKnownFileType = sourcecode.c.h; path = "MagicalRecord+ErrorHandling.h"; sourceTree = "<group>"; };
		6817F23C1D20B25E00F1BD98 /* MagicalRecord+ErrorHandling.m */ = {isa = PBXFileReference; fileEncoding = 4; lastKnownFileType = sourcecode.c.objc; path = "MagicalRecord+ErrorHandling.m"; sourceTree = "<group>"; };
		6817F23D1D20B25E00F1BD98 /* MagicalRecord+iCloud.h */ = {isa = PBXFileReference; fileEncoding = 4; lastKnownFileType = sourcecode.c.h; path = "MagicalRecord+iCloud.h"; sourceTree = "<group>"; };
		6817F23E1D20B25E00F1BD98 /* MagicalRecord+iCloud.m */ = {isa = PBXFileReference; fileEncoding = 4; lastKnownFileType = sourcecode.c.objc; path = "MagicalRecord+iCloud.m"; sourceTree = "<group>"; };
		6817F23F1D20B25E00F1BD98 /* MagicalRecord+Options.h */ = {isa = PBXFileReference; fileEncoding = 4; lastKnownFileType = sourcecode.c.h; path = "MagicalRecord+Options.h"; sourceTree = "<group>"; };
		6817F2401D20B25E00F1BD98 /* MagicalRecord+Options.m */ = {isa = PBXFileReference; fileEncoding = 4; lastKnownFileType = sourcecode.c.objc; path = "MagicalRecord+Options.m"; sourceTree = "<group>"; };
		6817F2411D20B25E00F1BD98 /* MagicalRecord+Setup.h */ = {isa = PBXFileReference; fileEncoding = 4; lastKnownFileType = sourcecode.c.h; path = "MagicalRecord+Setup.h"; sourceTree = "<group>"; };
		6817F2421D20B25E00F1BD98 /* MagicalRecord+Setup.m */ = {isa = PBXFileReference; fileEncoding = 4; lastKnownFileType = sourcecode.c.objc; path = "MagicalRecord+Setup.m"; sourceTree = "<group>"; };
		6817F2431D20B25E00F1BD98 /* MagicalRecord+ShorthandSupport.h */ = {isa = PBXFileReference; fileEncoding = 4; lastKnownFileType = sourcecode.c.h; path = "MagicalRecord+ShorthandSupport.h"; sourceTree = "<group>"; };
		6817F2441D20B25E00F1BD98 /* MagicalRecord+ShorthandSupport.m */ = {isa = PBXFileReference; fileEncoding = 4; lastKnownFileType = sourcecode.c.objc; path = "MagicalRecord+ShorthandSupport.m"; sourceTree = "<group>"; };
		6817F2451D20B25E00F1BD98 /* MagicalRecord.h */ = {isa = PBXFileReference; fileEncoding = 4; lastKnownFileType = sourcecode.c.h; path = MagicalRecord.h; sourceTree = "<group>"; };
		6817F2461D20B25E00F1BD98 /* MagicalRecord.m */ = {isa = PBXFileReference; fileEncoding = 4; lastKnownFileType = sourcecode.c.objc; path = MagicalRecord.m; sourceTree = "<group>"; };
		6817F2471D20B25E00F1BD98 /* MagicalRecordDeprecated.h */ = {isa = PBXFileReference; fileEncoding = 4; lastKnownFileType = sourcecode.c.h; path = MagicalRecordDeprecated.h; sourceTree = "<group>"; };
		6817F2481D20B25E00F1BD98 /* MagicalRecordLogging.h */ = {isa = PBXFileReference; fileEncoding = 4; lastKnownFileType = sourcecode.c.h; path = MagicalRecordLogging.h; sourceTree = "<group>"; };
		6817F2491D20B25E00F1BD98 /* MagicalRecordShorthand.h */ = {isa = PBXFileReference; fileEncoding = 4; lastKnownFileType = sourcecode.c.h; path = MagicalRecordShorthand.h; sourceTree = "<group>"; };
		6817F24A1D20B25E00F1BD98 /* CoreData+MagicalRecord.h */ = {isa = PBXFileReference; fileEncoding = 4; lastKnownFileType = sourcecode.c.h; path = "CoreData+MagicalRecord.h"; sourceTree = "<group>"; };
		68A97C561D1BACD600554913 /* DHRoom.h */ = {isa = PBXFileReference; fileEncoding = 4; lastKnownFileType = sourcecode.c.h; path = DHRoom.h; sourceTree = "<group>"; };
		68A97C571D1BACD600554913 /* DHRoom.m */ = {isa = PBXFileReference; fileEncoding = 4; lastKnownFileType = sourcecode.c.objc; path = DHRoom.m; sourceTree = "<group>"; };
		68A97C591D1BACE200554913 /* DHLocalRoom.h */ = {isa = PBXFileReference; fileEncoding = 4; lastKnownFileType = sourcecode.c.h; path = DHLocalRoom.h; sourceTree = "<group>"; };
		68A97C5A1D1BACE200554913 /* DHLocalRoom.m */ = {isa = PBXFileReference; fileEncoding = 4; lastKnownFileType = sourcecode.c.objc; path = DHLocalRoom.m; sourceTree = "<group>"; };
		68A97C5C1D1BACEE00554913 /* DHRemoteRoom.h */ = {isa = PBXFileReference; fileEncoding = 4; lastKnownFileType = sourcecode.c.h; path = DHRemoteRoom.h; sourceTree = "<group>"; };
		68A97C5D1D1BACEE00554913 /* DHRemoteRoom.m */ = {isa = PBXFileReference; fileEncoding = 4; lastKnownFileType = sourcecode.c.objc; path = DHRemoteRoom.m; sourceTree = "<group>"; };
		68B653151D1B7214005166B6 /* DHSocketServer.h */ = {isa = PBXFileReference; fileEncoding = 4; lastKnownFileType = sourcecode.c.h; path = DHSocketServer.h; sourceTree = "<group>"; };
		68B653161D1B7214005166B6 /* DHSocketServer.m */ = {isa = PBXFileReference; fileEncoding = 4; lastKnownFileType = sourcecode.c.objc; path = DHSocketServer.m; sourceTree = "<group>"; };
		68B653181D1B722A005166B6 /* DHSocketServerBrowser.h */ = {isa = PBXFileReference; fileEncoding = 4; lastKnownFileType = sourcecode.c.h; path = DHSocketServerBrowser.h; sourceTree = "<group>"; };
		68B653191D1B722A005166B6 /* DHSocketServerBrowser.m */ = {isa = PBXFileReference; fileEncoding = 4; lastKnownFileType = sourcecode.c.objc; path = DHSocketServerBrowser.m; sourceTree = "<group>"; };
		68B6531B1D1B723D005166B6 /* DHSocketConnection.h */ = {isa = PBXFileReference; fileEncoding = 4; lastKnownFileType = sourcecode.c.h; path = DHSocketConnection.h; sourceTree = "<group>"; };
		68B6531C1D1B723D005166B6 /* DHSocketConnection.m */ = {isa = PBXFileReference; fileEncoding = 4; lastKnownFileType = sourcecode.c.objc; path = DHSocketConnection.m; sourceTree = "<group>"; };
		68B6531F1D1B7294005166B6 /* DHInterviewer-Bridging-Header.h */ = {isa = PBXFileReference; fileEncoding = 4; lastKnownFileType = sourcecode.c.h; path = "DHInterviewer-Bridging-Header.h"; sourceTree = "<group>"; };
		8C6479131D12723800DDA18D /* DHInterviewer.app */ = {isa = PBXFileReference; explicitFileType = wrapper.application; includeInIndex = 0; path = DHInterviewer.app; sourceTree = BUILT_PRODUCTS_DIR; };
		8C6479161D12723800DDA18D /* AppDelegate.swift */ = {isa = PBXFileReference; lastKnownFileType = sourcecode.swift; path = AppDelegate.swift; sourceTree = "<group>"; };
		8C6479181D12723800DDA18D /* ViewController.swift */ = {isa = PBXFileReference; lastKnownFileType = sourcecode.swift; path = ViewController.swift; sourceTree = "<group>"; };
		8C64791B1D12723800DDA18D /* Base */ = {isa = PBXFileReference; lastKnownFileType = file.storyboard; name = Base; path = Base.lproj/Main.storyboard; sourceTree = "<group>"; };
		8C64791E1D12723800DDA18D /* DHInterviewer.xcdatamodel */ = {isa = PBXFileReference; lastKnownFileType = wrapper.xcdatamodel; path = DHInterviewer.xcdatamodel; sourceTree = "<group>"; };
		8C6479201D12723800DDA18D /* Assets.xcassets */ = {isa = PBXFileReference; lastKnownFileType = folder.assetcatalog; path = Assets.xcassets; sourceTree = "<group>"; };
		8C6479231D12723800DDA18D /* Base */ = {isa = PBXFileReference; lastKnownFileType = file.storyboard; name = Base; path = Base.lproj/LaunchScreen.storyboard; sourceTree = "<group>"; };
		8C6479251D12723800DDA18D /* Info.plist */ = {isa = PBXFileReference; lastKnownFileType = text.plist.xml; path = Info.plist; sourceTree = "<group>"; };
/* End PBXFileReference section */

/* Begin PBXFrameworksBuildPhase section */
		8C6479101D12723800DDA18D /* Frameworks */ = {
			isa = PBXFrameworksBuildPhase;
			buildActionMask = 2147483647;
			files = (
			);
			runOnlyForDeploymentPostprocessing = 0;
		};
/* End PBXFrameworksBuildPhase section */

/* Begin PBXGroup section */
		6808623B1D1D0CB800E5FB2B /* ViewController */ = {
			isa = PBXGroup;
			children = (
				6808623C1D1D0CCF00E5FB2B /* DHTechnicalViewController.swift */,
				6808623E1D1D0CDE00E5FB2B /* DHSupervisorViewController.swift */,
			);
			path = ViewController;
			sourceTree = "<group>";
		};
		6817F20B1D20B25E00F1BD98 /* MagicalRecord */ = {
			isa = PBXGroup;
			children = (
				6817F20C1D20B25E00F1BD98 /* Categories */,
				6817F2381D20B25E00F1BD98 /* Core */,
				6817F24A1D20B25E00F1BD98 /* CoreData+MagicalRecord.h */,
			);
			path = MagicalRecord;
			sourceTree = "<group>";
		};
		6817F20C1D20B25E00F1BD98 /* Categories */ = {
			isa = PBXGroup;
			children = (
				6817F20D1D20B25E00F1BD98 /* DataImport */,
				6817F21C1D20B25E00F1BD98 /* NSManagedObject */,
				6817F2271D20B25E00F1BD98 /* NSManagedObjectContext */,
				6817F2321D20B25E00F1BD98 /* NSManagedObjectModel+MagicalRecord.h */,
				6817F2331D20B25E00F1BD98 /* NSManagedObjectModel+MagicalRecord.m */,
				6817F2341D20B25E00F1BD98 /* NSPersistentStore+MagicalRecord.h */,
				6817F2351D20B25E00F1BD98 /* NSPersistentStore+MagicalRecord.m */,
				6817F2361D20B25E00F1BD98 /* NSPersistentStoreCoordinator+MagicalRecord.h */,
				6817F2371D20B25E00F1BD98 /* NSPersistentStoreCoordinator+MagicalRecord.m */,
			);
			path = Categories;
			sourceTree = "<group>";
		};
		6817F20D1D20B25E00F1BD98 /* DataImport */ = {
			isa = PBXGroup;
			children = (
				6817F20E1D20B25E00F1BD98 /* MagicalImportFunctions.h */,
				6817F20F1D20B25E00F1BD98 /* MagicalImportFunctions.m */,
				6817F2101D20B25E00F1BD98 /* NSAttributeDescription+MagicalDataImport.h */,
				6817F2111D20B25E00F1BD98 /* NSAttributeDescription+MagicalDataImport.m */,
				6817F2121D20B25E00F1BD98 /* NSEntityDescription+MagicalDataImport.h */,
				6817F2131D20B25E00F1BD98 /* NSEntityDescription+MagicalDataImport.m */,
				6817F2141D20B25E00F1BD98 /* NSNumber+MagicalDataImport.h */,
				6817F2151D20B25E00F1BD98 /* NSNumber+MagicalDataImport.m */,
				6817F2161D20B25E00F1BD98 /* NSObject+MagicalDataImport.h */,
				6817F2171D20B25E00F1BD98 /* NSObject+MagicalDataImport.m */,
				6817F2181D20B25E00F1BD98 /* NSRelationshipDescription+MagicalDataImport.h */,
				6817F2191D20B25E00F1BD98 /* NSRelationshipDescription+MagicalDataImport.m */,
				6817F21A1D20B25E00F1BD98 /* NSString+MagicalDataImport.h */,
				6817F21B1D20B25E00F1BD98 /* NSString+MagicalDataImport.m */,
			);
			path = DataImport;
			sourceTree = "<group>";
		};
		6817F21C1D20B25E00F1BD98 /* NSManagedObject */ = {
			isa = PBXGroup;
			children = (
				6817F21D1D20B25E00F1BD98 /* NSManagedObject+MagicalAggregation.h */,
				6817F21E1D20B25E00F1BD98 /* NSManagedObject+MagicalAggregation.m */,
				6817F21F1D20B25E00F1BD98 /* NSManagedObject+MagicalDataImport.h */,
				6817F2201D20B25E00F1BD98 /* NSManagedObject+MagicalDataImport.m */,
				6817F2211D20B25E00F1BD98 /* NSManagedObject+MagicalFinders.h */,
				6817F2221D20B25E00F1BD98 /* NSManagedObject+MagicalFinders.m */,
				6817F2231D20B25E00F1BD98 /* NSManagedObject+MagicalRecord.h */,
				6817F2241D20B25E00F1BD98 /* NSManagedObject+MagicalRecord.m */,
				6817F2251D20B25E00F1BD98 /* NSManagedObject+MagicalRequests.h */,
				6817F2261D20B25E00F1BD98 /* NSManagedObject+MagicalRequests.m */,
			);
			path = NSManagedObject;
			sourceTree = "<group>";
		};
		6817F2271D20B25E00F1BD98 /* NSManagedObjectContext */ = {
			isa = PBXGroup;
			children = (
				6817F2281D20B25E00F1BD98 /* NSManagedObjectContext+MagicalChainSave.h */,
				6817F2291D20B25E00F1BD98 /* NSManagedObjectContext+MagicalChainSave.m */,
				6817F22A1D20B25E00F1BD98 /* NSManagedObjectContext+MagicalObserving.h */,
				6817F22B1D20B25E00F1BD98 /* NSManagedObjectContext+MagicalObserving.m */,
				6817F22C1D20B25E00F1BD98 /* NSManagedObjectContext+MagicalRecord.h */,
				6817F22D1D20B25E00F1BD98 /* NSManagedObjectContext+MagicalRecord.m */,
				6817F22E1D20B25E00F1BD98 /* NSManagedObjectContext+MagicalSaves.h */,
				6817F22F1D20B25E00F1BD98 /* NSManagedObjectContext+MagicalSaves.m */,
				6817F2301D20B25E00F1BD98 /* NSManagedObjectContext+MagicalThreading.h */,
				6817F2311D20B25E00F1BD98 /* NSManagedObjectContext+MagicalThreading.m */,
			);
			path = NSManagedObjectContext;
			sourceTree = "<group>";
		};
		6817F2381D20B25E00F1BD98 /* Core */ = {
			isa = PBXGroup;
			children = (
				6817F2391D20B25E00F1BD98 /* MagicalRecord+Actions.h */,
				6817F23A1D20B25E00F1BD98 /* MagicalRecord+Actions.m */,
				6817F23B1D20B25E00F1BD98 /* MagicalRecord+ErrorHandling.h */,
				6817F23C1D20B25E00F1BD98 /* MagicalRecord+ErrorHandling.m */,
				6817F23D1D20B25E00F1BD98 /* MagicalRecord+iCloud.h */,
				6817F23E1D20B25E00F1BD98 /* MagicalRecord+iCloud.m */,
				6817F23F1D20B25E00F1BD98 /* MagicalRecord+Options.h */,
				6817F2401D20B25E00F1BD98 /* MagicalRecord+Options.m */,
				6817F2411D20B25E00F1BD98 /* MagicalRecord+Setup.h */,
				6817F2421D20B25E00F1BD98 /* MagicalRecord+Setup.m */,
				6817F2431D20B25E00F1BD98 /* MagicalRecord+ShorthandSupport.h */,
				6817F2441D20B25E00F1BD98 /* MagicalRecord+ShorthandSupport.m */,
				6817F2451D20B25E00F1BD98 /* MagicalRecord.h */,
				6817F2461D20B25E00F1BD98 /* MagicalRecord.m */,
				6817F2471D20B25E00F1BD98 /* MagicalRecordDeprecated.h */,
				6817F2481D20B25E00F1BD98 /* MagicalRecordLogging.h */,
				6817F2491D20B25E00F1BD98 /* MagicalRecordShorthand.h */,
			);
			path = Core;
			sourceTree = "<group>";
		};
		68B6530F1D1B71F9005166B6 /* Class */ = {
			isa = PBXGroup;
			children = (
				6808623B1D1D0CB800E5FB2B /* ViewController */,
			);
			path = Class;
			sourceTree = "<group>";
		};
		68B653101D1B71F9005166B6 /* Library */ = {
			isa = PBXGroup;
			children = (
				6817F20B1D20B25E00F1BD98 /* MagicalRecord */,
				68B653111D1B71F9005166B6 /* DHSocket */,
				68B6531F1D1B7294005166B6 /* DHInterviewer-Bridging-Header.h */,
			);
			path = Library;
			sourceTree = "<group>";
		};
		68B653111D1B71F9005166B6 /* DHSocket */ = {
			isa = PBXGroup;
			children = (
				68B653121D1B71F9005166B6 /* Model */,
				68B653131D1B71F9005166B6 /* Utility */,
				680862381D1D07EE00E5FB2B /* DHSocket.h */,
			);
			path = DHSocket;
			sourceTree = "<group>";
		};
		68B653121D1B71F9005166B6 /* Model */ = {
			isa = PBXGroup;
			children = (
				68A97C561D1BACD600554913 /* DHRoom.h */,
				68A97C571D1BACD600554913 /* DHRoom.m */,
				68A97C591D1BACE200554913 /* DHLocalRoom.h */,
				68A97C5A1D1BACE200554913 /* DHLocalRoom.m */,
				68A97C5C1D1BACEE00554913 /* DHRemoteRoom.h */,
				68A97C5D1D1BACEE00554913 /* DHRemoteRoom.m */,
			);
			path = Model;
			sourceTree = "<group>";
		};
		68B653131D1B71F9005166B6 /* Utility */ = {
			isa = PBXGroup;
			children = (
				68B653151D1B7214005166B6 /* DHSocketServer.h */,
				68B653161D1B7214005166B6 /* DHSocketServer.m */,
				68B653181D1B722A005166B6 /* DHSocketServerBrowser.h */,
				68B653191D1B722A005166B6 /* DHSocketServerBrowser.m */,
				68B6531B1D1B723D005166B6 /* DHSocketConnection.h */,
				68B6531C1D1B723D005166B6 /* DHSocketConnection.m */,
			);
			path = Utility;
			sourceTree = "<group>";
		};
		8C64790A1D12723700DDA18D = {
			isa = PBXGroup;
			children = (
				8C6479151D12723800DDA18D /* DHInterviewer */,
				8C6479141D12723800DDA18D /* Products */,
			);
			sourceTree = "<group>";
		};
		8C6479141D12723800DDA18D /* Products */ = {
			isa = PBXGroup;
			children = (
				8C6479131D12723800DDA18D /* DHInterviewer.app */,
			);
			name = Products;
			sourceTree = "<group>";
		};
		8C6479151D12723800DDA18D /* DHInterviewer */ = {
			isa = PBXGroup;
			children = (
				68B6530F1D1B71F9005166B6 /* Class */,
				68B653101D1B71F9005166B6 /* Library */,
				8C6479161D12723800DDA18D /* AppDelegate.swift */,
				8C6479181D12723800DDA18D /* ViewController.swift */,
				8C64791A1D12723800DDA18D /* Main.storyboard */,
				8C6479201D12723800DDA18D /* Assets.xcassets */,
				8C6479221D12723800DDA18D /* LaunchScreen.storyboard */,
				8C6479251D12723800DDA18D /* Info.plist */,
				8C64791D1D12723800DDA18D /* DHInterviewer.xcdatamodeld */,
			);
			path = DHInterviewer;
			sourceTree = "<group>";
		};
/* End PBXGroup section */

/* Begin PBXNativeTarget section */
		8C6479121D12723800DDA18D /* DHInterviewer */ = {
			isa = PBXNativeTarget;
			buildConfigurationList = 8C6479281D12723800DDA18D /* Build configuration list for PBXNativeTarget "DHInterviewer" */;
			buildPhases = (
				8C64790F1D12723800DDA18D /* Sources */,
				8C6479101D12723800DDA18D /* Frameworks */,
				8C6479111D12723800DDA18D /* Resources */,
			);
			buildRules = (
			);
			dependencies = (
			);
			name = DHInterviewer;
			productName = DHInterviewer;
			productReference = 8C6479131D12723800DDA18D /* DHInterviewer.app */;
			productType = "com.apple.product-type.application";
		};
/* End PBXNativeTarget section */

/* Begin PBXProject section */
		8C64790B1D12723700DDA18D /* Project object */ = {
			isa = PBXProject;
			attributes = {
				LastSwiftUpdateCheck = 0730;
				LastUpgradeCheck = 0730;
				ORGANIZATIONNAME = D.H.;
				TargetAttributes = {
					8C6479121D12723800DDA18D = {
						CreatedOnToolsVersion = 7.3;
					};
				};
			};
			buildConfigurationList = 8C64790E1D12723700DDA18D /* Build configuration list for PBXProject "DHInterviewer" */;
			compatibilityVersion = "Xcode 3.2";
			developmentRegion = English;
			hasScannedForEncodings = 0;
			knownRegions = (
				en,
				Base,
			);
			mainGroup = 8C64790A1D12723700DDA18D;
			productRefGroup = 8C6479141D12723800DDA18D /* Products */;
			projectDirPath = "";
			projectRoot = "";
			targets = (
				8C6479121D12723800DDA18D /* DHInterviewer */,
			);
		};
/* End PBXProject section */

/* Begin PBXResourcesBuildPhase section */
		8C6479111D12723800DDA18D /* Resources */ = {
			isa = PBXResourcesBuildPhase;
			buildActionMask = 2147483647;
			files = (
				8C6479241D12723800DDA18D /* LaunchScreen.storyboard in Resources */,
				8C6479211D12723800DDA18D /* Assets.xcassets in Resources */,
				8C64791C1D12723800DDA18D /* Main.storyboard in Resources */,
			);
			runOnlyForDeploymentPostprocessing = 0;
		};
/* End PBXResourcesBuildPhase section */

/* Begin PBXSourcesBuildPhase section */
		8C64790F1D12723800DDA18D /* Sources */ = {
			isa = PBXSourcesBuildPhase;
			buildActionMask = 2147483647;
			files = (
				68B6531D1D1B723D005166B6 /* DHSocketConnection.m in Sources */,
				8C6479191D12723800DDA18D /* ViewController.swift in Sources */,
				6817F25C1D20B25E00F1BD98 /* NSManagedObjectModel+MagicalRecord.m in Sources */,
				6817F24E1D20B25E00F1BD98 /* NSNumber+MagicalDataImport.m in Sources */,
				6817F24D1D20B25E00F1BD98 /* NSEntityDescription+MagicalDataImport.m in Sources */,
				68A97C5E1D1BACEE00554913 /* DHRemoteRoom.m in Sources */,
				6817F2551D20B25E00F1BD98 /* NSManagedObject+MagicalRecord.m in Sources */,
				6817F2621D20B25E00F1BD98 /* MagicalRecord+Options.m in Sources */,
				6817F2611D20B25E00F1BD98 /* MagicalRecord+iCloud.m in Sources */,
				6817F2581D20B25E00F1BD98 /* NSManagedObjectContext+MagicalObserving.m in Sources */,
				6817F2511D20B25E00F1BD98 /* NSString+MagicalDataImport.m in Sources */,
				68A97C581D1BACD600554913 /* DHRoom.m in Sources */,
				6817F2501D20B25E00F1BD98 /* NSRelationshipDescription+MagicalDataImport.m in Sources */,
				6817F25D1D20B25E00F1BD98 /* NSPersistentStore+MagicalRecord.m in Sources */,
				8C6479171D12723800DDA18D /* AppDelegate.swift in Sources */,
				6817F24B1D20B25E00F1BD98 /* MagicalImportFunctions.m in Sources */,
				68A97C5B1D1BACE200554913 /* DHLocalRoom.m in Sources */,
				6808623F1D1D0CDE00E5FB2B /* DHSupervisorViewController.swift in Sources */,
				6817F24C1D20B25E00F1BD98 /* NSAttributeDescription+MagicalDataImport.m in Sources */,
				6817F2541D20B25E00F1BD98 /* NSManagedObject+MagicalFinders.m in Sources */,
				6817F2561D20B25E00F1BD98 /* NSManagedObject+MagicalRequests.m in Sources */,
				6817F2591D20B25E00F1BD98 /* NSManagedObjectContext+MagicalRecord.m in Sources */,
				6817F25A1D20B25E00F1BD98 /* NSManagedObjectContext+MagicalSaves.m in Sources */,
				6817F2531D20B25E00F1BD98 /* NSManagedObject+MagicalDataImport.m in Sources */,
				6817F2571D20B25E00F1BD98 /* NSManagedObjectContext+MagicalChainSave.m in Sources */,
				6817F25B1D20B25E00F1BD98 /* NSManagedObjectContext+MagicalThreading.m in Sources */,
				8C64791F1D12723800DDA18D /* DHInterviewer.xcdatamodeld in Sources */,
				68B6531A1D1B722A005166B6 /* DHSocketServerBrowser.m in Sources */,
				6817F2601D20B25E00F1BD98 /* MagicalRecord+ErrorHandling.m in Sources */,
				6817F24F1D20B25E00F1BD98 /* NSObject+MagicalDataImport.m in Sources */,
				6817F25F1D20B25E00F1BD98 /* MagicalRecord+Actions.m in Sources */,
				6808623D1D1D0CCF00E5FB2B /* DHTechnicalViewController.swift in Sources */,
				6817F2521D20B25E00F1BD98 /* NSManagedObject+MagicalAggregation.m in Sources */,
				6817F2631D20B25E00F1BD98 /* MagicalRecord+Setup.m in Sources */,
				68B653171D1B7214005166B6 /* DHSocketServer.m in Sources */,
				6817F2651D20B25E00F1BD98 /* MagicalRecord.m in Sources */,
				6817F2641D20B25E00F1BD98 /* MagicalRecord+ShorthandSupport.m in Sources */,
				6817F25E1D20B25E00F1BD98 /* NSPersistentStoreCoordinator+MagicalRecord.m in Sources */,
			);
			runOnlyForDeploymentPostprocessing = 0;
		};
/* End PBXSourcesBuildPhase section */

/* Begin PBXVariantGroup section */
		8C64791A1D12723800DDA18D /* Main.storyboard */ = {
			isa = PBXVariantGroup;
			children = (
				8C64791B1D12723800DDA18D /* Base */,
			);
			name = Main.storyboard;
			sourceTree = "<group>";
		};
		8C6479221D12723800DDA18D /* LaunchScreen.storyboard */ = {
			isa = PBXVariantGroup;
			children = (
				8C6479231D12723800DDA18D /* Base */,
			);
			name = LaunchScreen.storyboard;
			sourceTree = "<group>";
		};
/* End PBXVariantGroup section */

/* Begin XCBuildConfiguration section */
		8C6479261D12723800DDA18D /* Debug */ = {
			isa = XCBuildConfiguration;
			buildSettings = {
				ALWAYS_SEARCH_USER_PATHS = NO;
				CLANG_ANALYZER_NONNULL = YES;
				CLANG_CXX_LANGUAGE_STANDARD = "gnu++0x";
				CLANG_CXX_LIBRARY = "libc++";
				CLANG_ENABLE_MODULES = YES;
				CLANG_ENABLE_OBJC_ARC = YES;
				CLANG_WARN_BOOL_CONVERSION = YES;
				CLANG_WARN_CONSTANT_CONVERSION = YES;
				CLANG_WARN_DIRECT_OBJC_ISA_USAGE = YES_ERROR;
				CLANG_WARN_EMPTY_BODY = YES;
				CLANG_WARN_ENUM_CONVERSION = YES;
				CLANG_WARN_INT_CONVERSION = YES;
				CLANG_WARN_OBJC_ROOT_CLASS = YES_ERROR;
				CLANG_WARN_UNREACHABLE_CODE = YES;
				CLANG_WARN__DUPLICATE_METHOD_MATCH = YES;
				"CODE_SIGN_IDENTITY[sdk=iphoneos*]" = "iPhone Developer";
				COPY_PHASE_STRIP = NO;
				DEBUG_INFORMATION_FORMAT = dwarf;
				ENABLE_STRICT_OBJC_MSGSEND = YES;
				ENABLE_TESTABILITY = YES;
				GCC_C_LANGUAGE_STANDARD = gnu99;
				GCC_DYNAMIC_NO_PIC = NO;
				GCC_NO_COMMON_BLOCKS = YES;
				GCC_OPTIMIZATION_LEVEL = 0;
				GCC_PREPROCESSOR_DEFINITIONS = (
					"DEBUG=1",
					"$(inherited)",
				);
				GCC_WARN_64_TO_32_BIT_CONVERSION = YES;
				GCC_WARN_ABOUT_RETURN_TYPE = YES_ERROR;
				GCC_WARN_UNDECLARED_SELECTOR = YES;
				GCC_WARN_UNINITIALIZED_AUTOS = YES_AGGRESSIVE;
				GCC_WARN_UNUSED_FUNCTION = YES;
				GCC_WARN_UNUSED_VARIABLE = YES;
				IPHONEOS_DEPLOYMENT_TARGET = 9.3;
				MTL_ENABLE_DEBUG_INFO = YES;
				ONLY_ACTIVE_ARCH = YES;
				SDKROOT = iphoneos;
				SWIFT_OPTIMIZATION_LEVEL = "-Onone";
				TARGETED_DEVICE_FAMILY = "1,2";
			};
			name = Debug;
		};
		8C6479271D12723800DDA18D /* Release */ = {
			isa = XCBuildConfiguration;
			buildSettings = {
				ALWAYS_SEARCH_USER_PATHS = NO;
				CLANG_ANALYZER_NONNULL = YES;
				CLANG_CXX_LANGUAGE_STANDARD = "gnu++0x";
				CLANG_CXX_LIBRARY = "libc++";
				CLANG_ENABLE_MODULES = YES;
				CLANG_ENABLE_OBJC_ARC = YES;
				CLANG_WARN_BOOL_CONVERSION = YES;
				CLANG_WARN_CONSTANT_CONVERSION = YES;
				CLANG_WARN_DIRECT_OBJC_ISA_USAGE = YES_ERROR;
				CLANG_WARN_EMPTY_BODY = YES;
				CLANG_WARN_ENUM_CONVERSION = YES;
				CLANG_WARN_INT_CONVERSION = YES;
				CLANG_WARN_OBJC_ROOT_CLASS = YES_ERROR;
				CLANG_WARN_UNREACHABLE_CODE = YES;
				CLANG_WARN__DUPLICATE_METHOD_MATCH = YES;
				"CODE_SIGN_IDENTITY[sdk=iphoneos*]" = "iPhone Developer";
				COPY_PHASE_STRIP = NO;
				DEBUG_INFORMATION_FORMAT = "dwarf-with-dsym";
				ENABLE_NS_ASSERTIONS = NO;
				ENABLE_STRICT_OBJC_MSGSEND = YES;
				GCC_C_LANGUAGE_STANDARD = gnu99;
				GCC_NO_COMMON_BLOCKS = YES;
				GCC_WARN_64_TO_32_BIT_CONVERSION = YES;
				GCC_WARN_ABOUT_RETURN_TYPE = YES_ERROR;
				GCC_WARN_UNDECLARED_SELECTOR = YES;
				GCC_WARN_UNINITIALIZED_AUTOS = YES_AGGRESSIVE;
				GCC_WARN_UNUSED_FUNCTION = YES;
				GCC_WARN_UNUSED_VARIABLE = YES;
				IPHONEOS_DEPLOYMENT_TARGET = 9.3;
				MTL_ENABLE_DEBUG_INFO = NO;
				SDKROOT = iphoneos;
				TARGETED_DEVICE_FAMILY = "1,2";
				VALIDATE_PRODUCT = YES;
			};
			name = Release;
		};
		8C6479291D12723800DDA18D /* Debug */ = {
			isa = XCBuildConfiguration;
			buildSettings = {
				ASSETCATALOG_COMPILER_APPICON_NAME = AppIcon;
				CLANG_ENABLE_MODULES = YES;
				INFOPLIST_FILE = DHInterviewer/Info.plist;
				LD_RUNPATH_SEARCH_PATHS = "$(inherited) @executable_path/Frameworks";
				PRODUCT_BUNDLE_IDENTIFIER = tw.com.dh.interviewer.DHInterviewer;
				PRODUCT_NAME = "$(TARGET_NAME)";
				SWIFT_OBJC_BRIDGING_HEADER = "$(SRCROOT)/DHInterviewer/Library/DHInterviewer-Bridging-Header.h";
				SWIFT_OPTIMIZATION_LEVEL = "-Onone";
			};
			name = Debug;
		};
		8C64792A1D12723800DDA18D /* Release */ = {
			isa = XCBuildConfiguration;
			buildSettings = {
				ASSETCATALOG_COMPILER_APPICON_NAME = AppIcon;
				CLANG_ENABLE_MODULES = YES;
				INFOPLIST_FILE = DHInterviewer/Info.plist;
				LD_RUNPATH_SEARCH_PATHS = "$(inherited) @executable_path/Frameworks";
				PRODUCT_BUNDLE_IDENTIFIER = tw.com.dh.interviewer.DHInterviewer;
				PRODUCT_NAME = "$(TARGET_NAME)";
				SWIFT_OBJC_BRIDGING_HEADER = "$(SRCROOT)/DHInterviewer/Library/DHInterviewer-Bridging-Header.h";
			};
			name = Release;
		};
/* End XCBuildConfiguration section */

/* Begin XCConfigurationList section */
		8C64790E1D12723700DDA18D /* Build configuration list for PBXProject "DHInterviewer" */ = {
			isa = XCConfigurationList;
			buildConfigurations = (
				8C6479261D12723800DDA18D /* Debug */,
				8C6479271D12723800DDA18D /* Release */,
			);
			defaultConfigurationIsVisible = 0;
			defaultConfigurationName = Release;
		};
		8C6479281D12723800DDA18D /* Build configuration list for PBXNativeTarget "DHInterviewer" */ = {
			isa = XCConfigurationList;
			buildConfigurations = (
				8C6479291D12723800DDA18D /* Debug */,
				8C64792A1D12723800DDA18D /* Release */,
			);
			defaultConfigurationIsVisible = 0;
			defaultConfigurationName = Release;
		};
/* End XCConfigurationList section */

/* Begin XCVersionGroup section */
		8C64791D1D12723800DDA18D /* DHInterviewer.xcdatamodeld */ = {
			isa = XCVersionGroup;
			children = (
				8C64791E1D12723800DDA18D /* DHInterviewer.xcdatamodel */,
			);
			currentVersion = 8C64791E1D12723800DDA18D /* DHInterviewer.xcdatamodel */;
			path = DHInterviewer.xcdatamodeld;
			sourceTree = "<group>";
			versionGroupType = wrapper.xcdatamodel;
		};
/* End XCVersionGroup section */
	};
	rootObject = 8C64790B1D12723700DDA18D /* Project object */;
}
